
Microsoft Visual Studio Solution File, Format Version 12.00
# Visual Studio Version 16
VisualStudioVersion = 16.0.31410.357
MinimumVisualStudioVersion = 10.0.40219.1
Project("{9092AA53-FB77-4645-B42D-1CCCA6BD08BD}") = "vhec.SkillInventory.Web", "vhec.SkillInventory.Web\vhec.SkillInventory.Web.njsproj", "{2D3A4FEE-E222-40BB-97E0-B742087D7140}"
EndProject
Global
	GlobalSection(SolutionConfigurationPlatforms) = preSolution
		Debug|Any CPU = Debug|Any CPU
		Release|Any CPU = Release|Any CPU
	EndGlobalSection
	GlobalSection(ProjectConfigurationPlatforms) = postSolution
		{2D3A4FEE-E222-40BB-97E0-B742087D7140}.Debug|Any CPU.ActiveCfg = Debug|Any CPU
		{2D3A4FEE-E222-40BB-97E0-B742087D7140}.Debug|Any CPU.Build.0 = Debug|Any CPU
		{2D3A4FEE-E222-40BB-97E0-B742087D7140}.Release|Any CPU.ActiveCfg = Release|Any CPU
		{2D3A4FEE-E222-40BB-97E0-B742087D7140}.Release|Any CPU.Build.0 = Release|Any CPU
	EndGlobalSection
	GlobalSection(SolutionProperties) = preSolution
		HideSolutionNode = FALSE
	EndGlobalSection
	GlobalSection(ExtensibilityGlobals) = postSolution
		SolutionGuid = {57E0989F-0665-4CC9-A02C-50FE37D6DDB1}
	EndGlobalSection
EndGlobal
