
Microsoft Visual Studio Solution File, Format Version 12.00
# Visual Studio Version 16
VisualStudioVersion = 16.0.31410.357
MinimumVisualStudioVersion = 10.0.40219.1
Project("{FAE04EC0-301F-11D3-BF4B-00C04F79EFBC}") = "vhec.SkillInventory.Api", "vhec.SkillInventory.Api\vhec.SkillInventory.Api.csproj", "{518969A2-0820-4BDC-A0BE-14E439576C83}"
EndProject
Project("{FAE04EC0-301F-11D3-BF4B-00C04F79EFBC}") = "vhec.SkillInventory.DAL", "vhec.SkillInventory.DAL\vhec.SkillInventory.DAL.csproj", "{D42AAE88-CCD7-44A0-AD9D-9899B4582E6B}"
EndProject
Project("{FAE04EC0-301F-11D3-BF4B-00C04F79EFBC}") = "vhec.SkillInventory.Logic", "vhec.SkillInventory.Logic\vhec.SkillInventory.Logic.csproj", "{54FADD01-A4C7-4FA1-AA4C-593AD328392B}"
EndProject
Global
	GlobalSection(SolutionConfigurationPlatforms) = preSolution
		Debug|Any CPU = Debug|Any CPU
		Release|Any CPU = Release|Any CPU
	EndGlobalSection
	GlobalSection(ProjectConfigurationPlatforms) = postSolution
		{518969A2-0820-4BDC-A0BE-14E439576C83}.Debug|Any CPU.ActiveCfg = Debug|Any CPU
		{518969A2-0820-4BDC-A0BE-14E439576C83}.Debug|Any CPU.Build.0 = Debug|Any CPU
		{518969A2-0820-4BDC-A0BE-14E439576C83}.Release|Any CPU.ActiveCfg = Release|Any CPU
		{518969A2-0820-4BDC-A0BE-14E439576C83}.Release|Any CPU.Build.0 = Release|Any CPU
		{D42AAE88-CCD7-44A0-AD9D-9899B4582E6B}.Debug|Any CPU.ActiveCfg = Debug|Any CPU
		{D42AAE88-CCD7-44A0-AD9D-9899B4582E6B}.Debug|Any CPU.Build.0 = Debug|Any CPU
		{D42AAE88-CCD7-44A0-AD9D-9899B4582E6B}.Release|Any CPU.ActiveCfg = Release|Any CPU
		{D42AAE88-CCD7-44A0-AD9D-9899B4582E6B}.Release|Any CPU.Build.0 = Release|Any CPU
		{54FADD01-A4C7-4FA1-AA4C-593AD328392B}.Debug|Any CPU.ActiveCfg = Debug|Any CPU
		{54FADD01-A4C7-4FA1-AA4C-593AD328392B}.Debug|Any CPU.Build.0 = Debug|Any CPU
		{54FADD01-A4C7-4FA1-AA4C-593AD328392B}.Release|Any CPU.ActiveCfg = Release|Any CPU
		{54FADD01-A4C7-4FA1-AA4C-593AD328392B}.Release|Any CPU.Build.0 = Release|Any CPU
	EndGlobalSection
	GlobalSection(SolutionProperties) = preSolution
		HideSolutionNode = FALSE
	EndGlobalSection
	GlobalSection(ExtensibilityGlobals) = postSolution
		SolutionGuid = {29543A87-811A-4F00-9987-0434204356B7}
	EndGlobalSection
EndGlobal
